{
  "version": "v1",
  "packages": {
    "@contactly-ui/button": {
      "signature": "2eca549a621650dd7cacf7f62d13cac0",
      "file": true
    },
    "@contactly-ui/flex": {
      "signature": "909dc98a612d9d57090a83d25c779340",
      "file": true
    },
    "@contactly-ui/box": {
      "signature": "79288be3028dead9c04db6399ad21446",
      "file": true
    },
    "@contactly-ui/text": {
      "signature": "7a555b9aacc00daeb60459c92db185f1",
      "file": true
    },
    "@contactly-ui/system": {
      "signature": "290e64303a48d4fb3d28ef8af45cbe2a",
      "file": true
    },
    "@contactly-ui/icon": {
      "signature": "2732f8e05bb6f2951270838b04011a1e",
      "file": true
    },
    "@contactly-ui/card": {
      "signature": "f199915554b8ac3436a1d725be851067",
      "file": true
    },
    "@contactly-ui/avatar": {
      "signature": "ed63557d966b5db1dc8d635a6a0a3230",
      "file": true
    },
    "@contactly-ui/checkbox": {
      "signature": "de4630c8d4a0735211c239505c7bdc34",
      "file": true
    },
    "@contactly-ui/input": {
      "signature": "d9ca8f1ed3cd3c09c5f135579eb7d63e",
      "file": true
    }
  }
}