{
  "version": "v1",
  "packages": {
    "@contactly-ui/button": {
      "signature": "e211dac293e406d50795907805d53d3a",
      "file": true
    },
    "@contactly-ui/flex": {
      "signature": "909dc98a612d9d57090a83d25c779340",
      "file": true
    },
    "@contactly-ui/box": {
      "signature": "79288be3028dead9c04db6399ad21446",
      "file": true
    },
    "@contactly-ui/text": {
      "signature": "8e743c59b120b80b036814f55a1301b8",
      "file": true
    },
    "@contactly-ui/system": {
      "signature": "290e64303a48d4fb3d28ef8af45cbe2a",
      "file": true
    },
    "@contactly-ui/icon": {
      "signature": "2732f8e05bb6f2951270838b04011a1e",
      "file": true
    },
    "@contactly-ui/card": {
      "signature": "f199915554b8ac3436a1d725be851067",
      "file": true
    },
    "@contactly-ui/avatar": {
      "signature": "7ce831faa343f436ed316966df428530",
      "file": true
    },
    "@contactly-ui/checkbox": {
      "signature": "a64c545bdf8f30e7fe86cbdf469017f1",
      "file": true
    },
    "@contactly-ui/input": {
      "signature": "5cc4120516066a3c0d4c990b87c266ad",
      "file": true
    }
  }
}