# THIS IS AN AUTOGENERATED FILE. DO NOT EDIT THIS FILE DIRECTLY.
# yarn lockfile v1


"@contactly-ui/avatar@file:.yalc/@contactly-ui/avatar":
  version "1.0.0"
  dependencies:
    "@contactly-ui/box" "file:../../../../Library/Caches/Yarn/v6/npm-@contactly-ui-avatar-1.0.0-ecc1e427-6ff3-44d4-b7e3-b8a15b537aeb-1621123663345/node_modules/@contactly-ui/avatar/.yalc/@contactly-ui/box"
    "@contactly-ui/system" "file:../../../../Library/Caches/Yarn/v6/npm-@contactly-ui-avatar-1.0.0-ecc1e427-6ff3-44d4-b7e3-b8a15b537aeb-1621123663345/node_modules/@contactly-ui/avatar/.yalc/@contactly-ui/system"
    "@contactly-ui/text" "file:../../../../Library/Caches/Yarn/v6/npm-@contactly-ui-avatar-1.0.0-ecc1e427-6ff3-44d4-b7e3-b8a15b537aeb-1621123663345/node_modules/@contactly-ui/avatar/.yalc/@contactly-ui/text"

"@contactly-ui/box@file:.yalc/@contactly-ui/avatar/.yalc/@contactly-ui/box":
  version "1.0.0"
  dependencies:
    "@contactly-ui/system" "file:../../../../Library/Caches/Yarn/v6/npm-@contactly-ui-box-1.0.0-ca034a08-b522-41f5-9d91-2e3b329d8a4e-1621123663348/node_modules/@contactly-ui/box/.yalc/@contactly-ui/system"

"@contactly-ui/box@file:.yalc/@contactly-ui/avatar/.yalc/@contactly-ui/text/.yalc/@contactly-ui/flex/.yalc/@contactly-ui/box":
  version "1.0.0"
  dependencies:
    "@contactly-ui/system" "file:../../../../Library/Caches/Yarn/v6/npm-@contactly-ui-box-1.0.0-4c6e1180-9ad2-4110-9702-dad4f8306fb7-1621123663355/node_modules/@contactly-ui/box/.yalc/@contactly-ui/system"

"@contactly-ui/box@file:.yalc/@contactly-ui/box":
  version "1.0.0"
  dependencies:
    "@contactly-ui/system" "file:../../../../Library/Caches/Yarn/v6/npm-@contactly-ui-box-1.0.0-0ffe35f9-37f5-409d-a740-a2568e060857-1621123663358/node_modules/@contactly-ui/box/.yalc/@contactly-ui/system"

"@contactly-ui/box@file:.yalc/@contactly-ui/button/.yalc/@contactly-ui/flex/.yalc/@contactly-ui/box":
  version "1.0.0"
  dependencies:
    "@contactly-ui/system" "file:../../../../Library/Caches/Yarn/v6/npm-@contactly-ui-box-1.0.0-a928009b-93c2-41ed-b3fa-6203d206a0b0-1621123663365/node_modules/@contactly-ui/box/.yalc/@contactly-ui/system"

"@contactly-ui/box@file:.yalc/@contactly-ui/button/.yalc/@contactly-ui/text/.yalc/@contactly-ui/flex/.yalc/@contactly-ui/box":
  version "1.0.0"
  dependencies:
    "@contactly-ui/system" "file:../../../../Library/Caches/Yarn/v6/npm-@contactly-ui-box-1.0.0-17b4e931-7d7a-4248-a089-04d2c821f93b-1621123663368/node_modules/@contactly-ui/box/.yalc/@contactly-ui/system"

"@contactly-ui/box@file:.yalc/@contactly-ui/flex/.yalc/@contactly-ui/box":
  version "1.0.0"
  dependencies:
    "@contactly-ui/system" "file:../../../../Library/Caches/Yarn/v6/npm-@contactly-ui-box-1.0.0-fc9b31cc-2f1f-474b-a58d-ddd4eb22e69e-1621123663374/node_modules/@contactly-ui/box/.yalc/@contactly-ui/system"

"@contactly-ui/box@file:.yalc/@contactly-ui/icon/.yalc/@contactly-ui/box":
  version "1.0.0"
  dependencies:
    "@contactly-ui/system" "file:../../../../Library/Caches/Yarn/v6/npm-@contactly-ui-box-1.0.0-f59f1497-4d77-4175-b8cd-a41dfc16ab0c-1621123663378/node_modules/@contactly-ui/box/.yalc/@contactly-ui/system"

"@contactly-ui/box@file:.yalc/@contactly-ui/text/.yalc/@contactly-ui/flex/.yalc/@contactly-ui/box":
  version "1.0.0"
  dependencies:
    "@contactly-ui/system" "file:../../../../Library/Caches/Yarn/v6/npm-@contactly-ui-box-1.0.0-abdf12aa-2dea-40c7-a0cc-279791484cbf-1621123663386/node_modules/@contactly-ui/box/.yalc/@contactly-ui/system"

"@contactly-ui/button@file:.yalc/@contactly-ui/button":
  version "1.0.0"
  dependencies:
    "@contactly-ui/flex" "file:../../../../Library/Caches/Yarn/v6/npm-@contactly-ui-button-1.0.0-eb183230-51a8-4403-be08-3c1f7cce8051-1621123663361/node_modules/@contactly-ui/button/.yalc/@contactly-ui/flex"
    "@contactly-ui/system" "file:../../../../Library/Caches/Yarn/v6/npm-@contactly-ui-button-1.0.0-eb183230-51a8-4403-be08-3c1f7cce8051-1621123663361/node_modules/@contactly-ui/button/.yalc/@contactly-ui/system"
    "@contactly-ui/text" "file:../../../../Library/Caches/Yarn/v6/npm-@contactly-ui-button-1.0.0-eb183230-51a8-4403-be08-3c1f7cce8051-1621123663361/node_modules/@contactly-ui/button/.yalc/@contactly-ui/text"

"@contactly-ui/card@file:.yalc/@contactly-ui/card":
  version "1.0.0"
  dependencies:
    "@contactly-ui/system" "file:../../../../Library/Caches/Yarn/v6/npm-@contactly-ui-card-1.0.0-92a9778c-bed7-4c27-a39f-ab9727a8044d-1621123663371/node_modules/@contactly-ui/card/.yalc/@contactly-ui/system"

"@contactly-ui/flex@file:.yalc/@contactly-ui/avatar/.yalc/@contactly-ui/text/.yalc/@contactly-ui/flex":
  version "1.0.0"
  dependencies:
    "@contactly-ui/box" "file:../../../../Library/Caches/Yarn/v6/npm-@contactly-ui-flex-1.0.0-829e61e2-0ce9-4bef-bc1b-fc0ad2d70c0f-1621123663351/node_modules/@contactly-ui/flex/.yalc/@contactly-ui/box"
    "@contactly-ui/system" "file:../../../../Library/Caches/Yarn/v6/npm-@contactly-ui-flex-1.0.0-829e61e2-0ce9-4bef-bc1b-fc0ad2d70c0f-1621123663351/node_modules/@contactly-ui/flex/.yalc/@contactly-ui/system"

"@contactly-ui/flex@file:.yalc/@contactly-ui/button/.yalc/@contactly-ui/flex":
  version "1.0.0"
  dependencies:
    "@contactly-ui/box" "file:../../../../Library/Caches/Yarn/v6/npm-@contactly-ui-flex-1.0.0-ecf42d8f-b80b-48ed-b13e-dd28e2329bf9-1621123663363/node_modules/@contactly-ui/flex/.yalc/@contactly-ui/box"
    "@contactly-ui/system" "file:../../../../Library/Caches/Yarn/v6/npm-@contactly-ui-flex-1.0.0-ecf42d8f-b80b-48ed-b13e-dd28e2329bf9-1621123663363/node_modules/@contactly-ui/flex/.yalc/@contactly-ui/system"

"@contactly-ui/flex@file:.yalc/@contactly-ui/button/.yalc/@contactly-ui/text/.yalc/@contactly-ui/flex":
  version "1.0.0"
  dependencies:
    "@contactly-ui/box" "file:../../../../Library/Caches/Yarn/v6/npm-@contactly-ui-flex-1.0.0-2985e7be-fedb-4d8a-9fe8-911254b9b640-1621123663366/node_modules/@contactly-ui/flex/.yalc/@contactly-ui/box"
    "@contactly-ui/system" "file:../../../../Library/Caches/Yarn/v6/npm-@contactly-ui-flex-1.0.0-2985e7be-fedb-4d8a-9fe8-911254b9b640-1621123663366/node_modules/@contactly-ui/flex/.yalc/@contactly-ui/system"

"@contactly-ui/flex@file:.yalc/@contactly-ui/flex":
  version "1.0.0"
  dependencies:
    "@contactly-ui/box" "file:../../../../Library/Caches/Yarn/v6/npm-@contactly-ui-flex-1.0.0-5f2623c8-b4cc-4f29-828d-1aa6a2e60295-1621123663373/node_modules/@contactly-ui/flex/.yalc/@contactly-ui/box"
    "@contactly-ui/system" "file:../../../../Library/Caches/Yarn/v6/npm-@contactly-ui-flex-1.0.0-5f2623c8-b4cc-4f29-828d-1aa6a2e60295-1621123663373/node_modules/@contactly-ui/flex/.yalc/@contactly-ui/system"

"@contactly-ui/flex@file:.yalc/@contactly-ui/text/.yalc/@contactly-ui/flex":
  version "1.0.0"
  dependencies:
    "@contactly-ui/box" "file:../../../../Library/Caches/Yarn/v6/npm-@contactly-ui-flex-1.0.0-da9871e5-8c17-4b2f-8b3d-293e13f1e008-1621123663384/node_modules/@contactly-ui/flex/.yalc/@contactly-ui/box"
    "@contactly-ui/system" "file:../../../../Library/Caches/Yarn/v6/npm-@contactly-ui-flex-1.0.0-da9871e5-8c17-4b2f-8b3d-293e13f1e008-1621123663384/node_modules/@contactly-ui/flex/.yalc/@contactly-ui/system"

"@contactly-ui/icon@file:.yalc/@contactly-ui/icon":
  version "1.0.0"
  dependencies:
    "@contactly-ui/box" "file:../../../../Library/Caches/Yarn/v6/npm-@contactly-ui-icon-1.0.0-4802f073-8fbe-4d0c-98cc-a05c2fa513dc-1621123663377/node_modules/@contactly-ui/icon/.yalc/@contactly-ui/box"
    "@contactly-ui/system" "file:../../../../Library/Caches/Yarn/v6/npm-@contactly-ui-icon-1.0.0-4802f073-8fbe-4d0c-98cc-a05c2fa513dc-1621123663377/node_modules/@contactly-ui/icon/.yalc/@contactly-ui/system"

"@contactly-ui/system@file:.yalc/@contactly-ui/avatar/.yalc/@contactly-ui/box/.yalc/@contactly-ui/system":
  version "1.0.0"

"@contactly-ui/system@file:.yalc/@contactly-ui/avatar/.yalc/@contactly-ui/system":
  version "1.0.0"

"@contactly-ui/system@file:.yalc/@contactly-ui/avatar/.yalc/@contactly-ui/text/.yalc/@contactly-ui/flex/.yalc/@contactly-ui/box/.yalc/@contactly-ui/system":
  version "1.0.0"

"@contactly-ui/system@file:.yalc/@contactly-ui/avatar/.yalc/@contactly-ui/text/.yalc/@contactly-ui/flex/.yalc/@contactly-ui/system":
  version "1.0.0"

"@contactly-ui/system@file:.yalc/@contactly-ui/avatar/.yalc/@contactly-ui/text/.yalc/@contactly-ui/system":
  version "1.0.0"

"@contactly-ui/system@file:.yalc/@contactly-ui/box/.yalc/@contactly-ui/system":
  version "1.0.0"

"@contactly-ui/system@file:.yalc/@contactly-ui/button/.yalc/@contactly-ui/flex/.yalc/@contactly-ui/box/.yalc/@contactly-ui/system":
  version "1.0.0"

"@contactly-ui/system@file:.yalc/@contactly-ui/button/.yalc/@contactly-ui/flex/.yalc/@contactly-ui/system":
  version "1.0.0"

"@contactly-ui/system@file:.yalc/@contactly-ui/button/.yalc/@contactly-ui/system":
  version "1.0.0"

"@contactly-ui/system@file:.yalc/@contactly-ui/button/.yalc/@contactly-ui/text/.yalc/@contactly-ui/flex/.yalc/@contactly-ui/box/.yalc/@contactly-ui/system":
  version "1.0.0"

"@contactly-ui/system@file:.yalc/@contactly-ui/button/.yalc/@contactly-ui/text/.yalc/@contactly-ui/flex/.yalc/@contactly-ui/system":
  version "1.0.0"

"@contactly-ui/system@file:.yalc/@contactly-ui/button/.yalc/@contactly-ui/text/.yalc/@contactly-ui/system":
  version "1.0.0"

"@contactly-ui/system@file:.yalc/@contactly-ui/card/.yalc/@contactly-ui/system":
  version "1.0.0"

"@contactly-ui/system@file:.yalc/@contactly-ui/flex/.yalc/@contactly-ui/box/.yalc/@contactly-ui/system":
  version "1.0.0"

"@contactly-ui/system@file:.yalc/@contactly-ui/flex/.yalc/@contactly-ui/system":
  version "1.0.0"

"@contactly-ui/system@file:.yalc/@contactly-ui/icon/.yalc/@contactly-ui/box/.yalc/@contactly-ui/system":
  version "1.0.0"

"@contactly-ui/system@file:.yalc/@contactly-ui/icon/.yalc/@contactly-ui/system":
  version "1.0.0"

"@contactly-ui/system@file:.yalc/@contactly-ui/system":
  version "1.0.0"

"@contactly-ui/system@file:.yalc/@contactly-ui/text/.yalc/@contactly-ui/flex/.yalc/@contactly-ui/box/.yalc/@contactly-ui/system":
  version "1.0.0"

"@contactly-ui/system@file:.yalc/@contactly-ui/text/.yalc/@contactly-ui/flex/.yalc/@contactly-ui/system":
  version "1.0.0"

"@contactly-ui/system@file:.yalc/@contactly-ui/text/.yalc/@contactly-ui/system":
  version "1.0.0"

"@contactly-ui/text@file:.yalc/@contactly-ui/avatar/.yalc/@contactly-ui/text":
  version "1.0.0"
  dependencies:
    "@contactly-ui/flex" "file:../../../../Library/Caches/Yarn/v6/npm-@contactly-ui-text-1.0.0-5c551dc5-7958-4acd-9b8d-2437174340ef-1621123663349/node_modules/@contactly-ui/text/.yalc/@contactly-ui/flex"
    "@contactly-ui/system" "file:../../../../Library/Caches/Yarn/v6/npm-@contactly-ui-text-1.0.0-5c551dc5-7958-4acd-9b8d-2437174340ef-1621123663349/node_modules/@contactly-ui/text/.yalc/@contactly-ui/system"

"@contactly-ui/text@file:.yalc/@contactly-ui/button/.yalc/@contactly-ui/text":
  version "1.0.0"
  dependencies:
    "@contactly-ui/flex" "file:../../../../Library/Caches/Yarn/v6/npm-@contactly-ui-text-1.0.0-7b715903-81ae-4bba-958c-aae22b6bf6db-1621123663363/node_modules/@contactly-ui/text/.yalc/@contactly-ui/flex"
    "@contactly-ui/system" "file:../../../../Library/Caches/Yarn/v6/npm-@contactly-ui-text-1.0.0-7b715903-81ae-4bba-958c-aae22b6bf6db-1621123663363/node_modules/@contactly-ui/text/.yalc/@contactly-ui/system"

"@contactly-ui/text@file:.yalc/@contactly-ui/text":
  version "1.0.0"
  dependencies:
    "@contactly-ui/flex" "file:../../../../Library/Caches/Yarn/v6/npm-@contactly-ui-text-1.0.0-5a6b89fd-8e11-46b3-a668-859bc453fa92-1621123663382/node_modules/@contactly-ui/text/.yalc/@contactly-ui/flex"
    "@contactly-ui/system" "file:../../../../Library/Caches/Yarn/v6/npm-@contactly-ui-text-1.0.0-5a6b89fd-8e11-46b3-a668-859bc453fa92-1621123663382/node_modules/@contactly-ui/text/.yalc/@contactly-ui/system"

"@types/lodash-es@^4.17.4":
  version "4.17.4"
  resolved "https://registry.yarnpkg.com/@types/lodash-es/-/lodash-es-4.17.4.tgz#b2e440d2bf8a93584a9fd798452ec497986c9b97"
  integrity sha512-BBz79DCJbD2CVYZH67MBeHZRX++HF+5p8Mo5MzjZi64Wac39S3diedJYHZtScbRVf4DjZyN6LzA0SB0zy+HSSQ==
  dependencies:
    "@types/lodash" "*"

"@types/lodash@*":
  version "4.14.169"
  resolved "https://registry.yarnpkg.com/@types/lodash/-/lodash-4.14.169.tgz#83c217688f07a4d9ef8f28a3ebd1d318f6ff4cbb"
  integrity sha512-DvmZHoHTFJ8zhVYwCLWbQ7uAbYQEk52Ev2/ZiQ7Y7gQGeV9pjBqjnQpECMHfKS1rCYAhMI7LHVxwyZLZinJgdw==

lodash-es@^4.17.21:
  version "4.17.21"
  resolved "https://registry.yarnpkg.com/lodash-es/-/lodash-es-4.17.21.tgz#43e626c46e6591b7750beb2b50117390c609e3ee"
  integrity sha512-mKnC+QJ9pWVzv+C4/U3rRsHapFfHvQFoFB92e52xeyGMcX6/OlIl78je1u8vePzYZSkkogMPJ2yjxxsb89cxyw==
