{
  "version": "v1",
  "packages": {
    "@contactly-ui/system": {
      "signature": "908f3cd2ff92875c65dd6790cc15c4d3",
      "file": true,
      "replaced": "^1.0.0"
    },
    "@contactly-ui/flex": {
      "signature": "34b43d3d9225560f259dc9e71ddce830",
      "file": true,
      "replaced": "^1.0.0"
    },
    "@contactly-ui/text": {
      "signature": "3ccc1a8c4daa6d8cc1d15e7b65d0efdf",
      "file": true,
      "replaced": "^1.0.0"
    },
    "@contactly-ui/icons": {
      "signature": "f77d95c69b2ff00847d91535ded16e45",
      "file": true
    }
  }
}