{
  "version": "v1",
  "packages": {
    "@contactly-ui/system": {
      "signature": "9f919e12e39c2709fbe1917f6f414360",
      "file": true,
      "replaced": "^1.0.0"
    },
    "@contactly-ui/flex": {
      "signature": "ac62ac74503769dd6c159df6584a7f2e",
      "file": true,
      "replaced": "^1.0.0"
    },
    "@contactly-ui/text": {
      "signature": "824e35891cd3a6ada9a78aafa88f81c1",
      "file": true,
      "replaced": "^1.0.0"
    }
  }
}