# THIS IS AN AUTOGENERATED FILE. DO NOT EDIT THIS FILE DIRECTLY.
# yarn lockfile v1


"@contactly-ui/avatar@file:.yalc/@contactly-ui/icons/.yalc/@contactly-ui/theme/.yalc/@contactly-ui/avatar":
  version "1.0.0"
  dependencies:
    "@contactly-ui/box" "file:../../../../Library/Caches/Yarn/v6/npm-@contactly-ui-avatar-1.0.0-399e9e13-e356-4c67-a6f6-e8795f921546-1621127849092/node_modules/@contactly-ui/avatar/.yalc/@contactly-ui/box"
    "@contactly-ui/system" "file:../../../../Library/Caches/Yarn/v6/npm-@contactly-ui-avatar-1.0.0-399e9e13-e356-4c67-a6f6-e8795f921546-1621127849092/node_modules/@contactly-ui/avatar/.yalc/@contactly-ui/system"
    "@contactly-ui/text" "file:../../../../Library/Caches/Yarn/v6/npm-@contactly-ui-avatar-1.0.0-399e9e13-e356-4c67-a6f6-e8795f921546-1621127849092/node_modules/@contactly-ui/avatar/.yalc/@contactly-ui/text"

"@contactly-ui/box@file:.yalc/@contactly-ui/flex/.yalc/@contactly-ui/box":
  version "1.0.0"
  dependencies:
    "@contactly-ui/system" "file:../../../../Library/Caches/Yarn/v6/npm-@contactly-ui-box-1.0.0-dfaa5c84-74e8-4953-966e-480bb40cc864-1621127848382/node_modules/@contactly-ui/box/.yalc/@contactly-ui/system"

"@contactly-ui/box@file:.yalc/@contactly-ui/icons/.yalc/@contactly-ui/theme/.yalc/@contactly-ui/avatar/.yalc/@contactly-ui/box":
  version "1.0.0"
  dependencies:
    "@contactly-ui/system" "file:../../../../Library/Caches/Yarn/v6/npm-@contactly-ui-box-1.0.0-48fe7b83-3305-4405-a0c4-635cb787a699-1621127849110/node_modules/@contactly-ui/box/.yalc/@contactly-ui/system"

"@contactly-ui/box@file:.yalc/@contactly-ui/icons/.yalc/@contactly-ui/theme/.yalc/@contactly-ui/avatar/.yalc/@contactly-ui/text/.yalc/@contactly-ui/flex/.yalc/@contactly-ui/box":
  version "1.0.0"
  dependencies:
    "@contactly-ui/system" "file:../../../../Library/Caches/Yarn/v6/npm-@contactly-ui-box-1.0.0-2de96f86-9cc4-47c8-a368-572b90fe7a05-1621127849127/node_modules/@contactly-ui/box/.yalc/@contactly-ui/system"

"@contactly-ui/box@file:.yalc/@contactly-ui/icons/.yalc/@contactly-ui/theme/.yalc/@contactly-ui/box":
  version "1.0.0"
  dependencies:
    "@contactly-ui/system" "file:../../../../Library/Caches/Yarn/v6/npm-@contactly-ui-box-1.0.0-9f8d773b-c88f-4bfe-81c8-b38c434689c8-1621127849091/node_modules/@contactly-ui/box/.yalc/@contactly-ui/system"

"@contactly-ui/box@file:.yalc/@contactly-ui/icons/.yalc/@contactly-ui/theme/.yalc/@contactly-ui/button/.yalc/@contactly-ui/flex/.yalc/@contactly-ui/box":
  version "1.0.0"
  dependencies:
    "@contactly-ui/system" "file:../../../../Library/Caches/Yarn/v6/npm-@contactly-ui-box-1.0.0-74364724-40dd-4a38-a604-9189d70b65ea-1621127849120/node_modules/@contactly-ui/box/.yalc/@contactly-ui/system"

"@contactly-ui/box@file:.yalc/@contactly-ui/icons/.yalc/@contactly-ui/theme/.yalc/@contactly-ui/button/.yalc/@contactly-ui/text/.yalc/@contactly-ui/flex/.yalc/@contactly-ui/box":
  version "1.0.0"
  dependencies:
    "@contactly-ui/system" "file:../../../../Library/Caches/Yarn/v6/npm-@contactly-ui-box-1.0.0-3b7525d6-1112-4757-8a09-eda8cd2b31bb-1621127849126/node_modules/@contactly-ui/box/.yalc/@contactly-ui/system"

"@contactly-ui/box@file:.yalc/@contactly-ui/icons/.yalc/@contactly-ui/theme/.yalc/@contactly-ui/flex/.yalc/@contactly-ui/box":
  version "1.0.0"
  dependencies:
    "@contactly-ui/system" "file:../../../../Library/Caches/Yarn/v6/npm-@contactly-ui-box-1.0.0-4b1ad620-3858-4021-96b1-27c5c5e3e66a-1621127849113/node_modules/@contactly-ui/box/.yalc/@contactly-ui/system"

"@contactly-ui/box@file:.yalc/@contactly-ui/icons/.yalc/@contactly-ui/theme/.yalc/@contactly-ui/icon/.yalc/@contactly-ui/box":
  version "1.0.0"
  dependencies:
    "@contactly-ui/system" "file:../../../../Library/Caches/Yarn/v6/npm-@contactly-ui-box-1.0.0-5f855060-5b58-4d3d-9c6b-025b6773cc9c-1621127849112/node_modules/@contactly-ui/box/.yalc/@contactly-ui/system"

"@contactly-ui/box@file:.yalc/@contactly-ui/icons/.yalc/@contactly-ui/theme/.yalc/@contactly-ui/text/.yalc/@contactly-ui/flex/.yalc/@contactly-ui/box":
  version "1.0.0"
  dependencies:
    "@contactly-ui/system" "file:../../../../Library/Caches/Yarn/v6/npm-@contactly-ui-box-1.0.0-a2a461c6-7c17-4f82-85f4-1a3277ab0476-1621127849123/node_modules/@contactly-ui/box/.yalc/@contactly-ui/system"

"@contactly-ui/box@file:.yalc/@contactly-ui/text/.yalc/@contactly-ui/flex/.yalc/@contactly-ui/box":
  version "1.0.0"
  dependencies:
    "@contactly-ui/system" "file:../../../../Library/Caches/Yarn/v6/npm-@contactly-ui-box-1.0.0-3e54d379-1994-431c-b0bc-f65566a0142e-1621127848394/node_modules/@contactly-ui/box/.yalc/@contactly-ui/system"

"@contactly-ui/button@file:.yalc/@contactly-ui/icons/.yalc/@contactly-ui/theme/.yalc/@contactly-ui/button":
  version "1.0.0"
  dependencies:
    "@contactly-ui/flex" "file:../../../../Library/Caches/Yarn/v6/npm-@contactly-ui-button-1.0.0-8e9613ce-1a00-4f80-8edb-6d4db73b8fb4-1621127849089/node_modules/@contactly-ui/button/.yalc/@contactly-ui/flex"
    "@contactly-ui/system" "file:../../../../Library/Caches/Yarn/v6/npm-@contactly-ui-button-1.0.0-8e9613ce-1a00-4f80-8edb-6d4db73b8fb4-1621127849089/node_modules/@contactly-ui/button/.yalc/@contactly-ui/system"
    "@contactly-ui/text" "file:../../../../Library/Caches/Yarn/v6/npm-@contactly-ui-button-1.0.0-8e9613ce-1a00-4f80-8edb-6d4db73b8fb4-1621127849089/node_modules/@contactly-ui/button/.yalc/@contactly-ui/text"

"@contactly-ui/card@file:.yalc/@contactly-ui/icons/.yalc/@contactly-ui/theme/.yalc/@contactly-ui/card":
  version "1.0.0"
  dependencies:
    "@contactly-ui/system" "file:../../../../Library/Caches/Yarn/v6/npm-@contactly-ui-card-1.0.0-bfb05946-4d37-4b07-bc66-3860bad9662d-1621127849095/node_modules/@contactly-ui/card/.yalc/@contactly-ui/system"

"@contactly-ui/flex@file:.yalc/@contactly-ui/flex":
  version "1.0.0"
  dependencies:
    "@contactly-ui/box" "file:../../../../Library/Caches/Yarn/v6/npm-@contactly-ui-flex-1.0.0-628ebc34-84c7-4829-a32d-7b71cd1994aa-1621127848379/node_modules/@contactly-ui/flex/.yalc/@contactly-ui/box"
    "@contactly-ui/system" "file:../../../../Library/Caches/Yarn/v6/npm-@contactly-ui-flex-1.0.0-628ebc34-84c7-4829-a32d-7b71cd1994aa-1621127848379/node_modules/@contactly-ui/flex/.yalc/@contactly-ui/system"

"@contactly-ui/flex@file:.yalc/@contactly-ui/icons/.yalc/@contactly-ui/theme/.yalc/@contactly-ui/avatar/.yalc/@contactly-ui/text/.yalc/@contactly-ui/flex":
  version "1.0.0"
  dependencies:
    "@contactly-ui/box" "file:../../../../Library/Caches/Yarn/v6/npm-@contactly-ui-flex-1.0.0-6daad42c-3de4-4518-b70e-58427167f569-1621127849121/node_modules/@contactly-ui/flex/.yalc/@contactly-ui/box"
    "@contactly-ui/system" "file:../../../../Library/Caches/Yarn/v6/npm-@contactly-ui-flex-1.0.0-6daad42c-3de4-4518-b70e-58427167f569-1621127849121/node_modules/@contactly-ui/flex/.yalc/@contactly-ui/system"

"@contactly-ui/flex@file:.yalc/@contactly-ui/icons/.yalc/@contactly-ui/theme/.yalc/@contactly-ui/button/.yalc/@contactly-ui/flex":
  version "1.0.0"
  dependencies:
    "@contactly-ui/box" "file:../../../../Library/Caches/Yarn/v6/npm-@contactly-ui-flex-1.0.0-14cbc5ac-2832-4e1d-8308-40e545c5224f-1621127849110/node_modules/@contactly-ui/flex/.yalc/@contactly-ui/box"
    "@contactly-ui/system" "file:../../../../Library/Caches/Yarn/v6/npm-@contactly-ui-flex-1.0.0-14cbc5ac-2832-4e1d-8308-40e545c5224f-1621127849110/node_modules/@contactly-ui/flex/.yalc/@contactly-ui/system"

"@contactly-ui/flex@file:.yalc/@contactly-ui/icons/.yalc/@contactly-ui/theme/.yalc/@contactly-ui/button/.yalc/@contactly-ui/text/.yalc/@contactly-ui/flex":
  version "1.0.0"
  dependencies:
    "@contactly-ui/box" "file:../../../../Library/Caches/Yarn/v6/npm-@contactly-ui-flex-1.0.0-4a4cb2b5-2a03-4bb8-9c4a-9f6c7995966f-1621127849120/node_modules/@contactly-ui/flex/.yalc/@contactly-ui/box"
    "@contactly-ui/system" "file:../../../../Library/Caches/Yarn/v6/npm-@contactly-ui-flex-1.0.0-4a4cb2b5-2a03-4bb8-9c4a-9f6c7995966f-1621127849120/node_modules/@contactly-ui/flex/.yalc/@contactly-ui/system"

"@contactly-ui/flex@file:.yalc/@contactly-ui/icons/.yalc/@contactly-ui/theme/.yalc/@contactly-ui/flex":
  version "1.0.0"
  dependencies:
    "@contactly-ui/box" "file:../../../../Library/Caches/Yarn/v6/npm-@contactly-ui-flex-1.0.0-71308d8a-a430-4286-b6f0-b875fd30e5b5-1621127849098/node_modules/@contactly-ui/flex/.yalc/@contactly-ui/box"
    "@contactly-ui/system" "file:../../../../Library/Caches/Yarn/v6/npm-@contactly-ui-flex-1.0.0-71308d8a-a430-4286-b6f0-b875fd30e5b5-1621127849098/node_modules/@contactly-ui/flex/.yalc/@contactly-ui/system"

"@contactly-ui/flex@file:.yalc/@contactly-ui/icons/.yalc/@contactly-ui/theme/.yalc/@contactly-ui/text/.yalc/@contactly-ui/flex":
  version "1.0.0"
  dependencies:
    "@contactly-ui/box" "file:../../../../Library/Caches/Yarn/v6/npm-@contactly-ui-flex-1.0.0-962f3019-446c-43f6-b1b1-fba00f4998f0-1621127849114/node_modules/@contactly-ui/flex/.yalc/@contactly-ui/box"
    "@contactly-ui/system" "file:../../../../Library/Caches/Yarn/v6/npm-@contactly-ui-flex-1.0.0-962f3019-446c-43f6-b1b1-fba00f4998f0-1621127849114/node_modules/@contactly-ui/flex/.yalc/@contactly-ui/system"

"@contactly-ui/flex@file:.yalc/@contactly-ui/text/.yalc/@contactly-ui/flex":
  version "1.0.0"
  dependencies:
    "@contactly-ui/box" "file:../../../../Library/Caches/Yarn/v6/npm-@contactly-ui-flex-1.0.0-e3fdcf2a-dd6f-4c12-8532-c20ea5b1ce20-1621127848390/node_modules/@contactly-ui/flex/.yalc/@contactly-ui/box"
    "@contactly-ui/system" "file:../../../../Library/Caches/Yarn/v6/npm-@contactly-ui-flex-1.0.0-e3fdcf2a-dd6f-4c12-8532-c20ea5b1ce20-1621127848390/node_modules/@contactly-ui/flex/.yalc/@contactly-ui/system"

"@contactly-ui/icon@file:.yalc/@contactly-ui/icons/.yalc/@contactly-ui/theme/.yalc/@contactly-ui/icon":
  version "1.0.0"
  dependencies:
    "@contactly-ui/box" "file:../../../../Library/Caches/Yarn/v6/npm-@contactly-ui-icon-1.0.0-9a29a878-c9c3-4161-99e3-f537f75cfbb4-1621127849096/node_modules/@contactly-ui/icon/.yalc/@contactly-ui/box"
    "@contactly-ui/system" "file:../../../../Library/Caches/Yarn/v6/npm-@contactly-ui-icon-1.0.0-9a29a878-c9c3-4161-99e3-f537f75cfbb4-1621127849096/node_modules/@contactly-ui/icon/.yalc/@contactly-ui/system"

"@contactly-ui/icons@file:.yalc/@contactly-ui/icons":
  version "1.0.0"
  dependencies:
    "@contactly-ui/system" "file:../../../../Library/Caches/Yarn/v6/npm-@contactly-ui-icons-1.0.0-20a93a8d-1761-42e9-be48-d178758c9e68-1621127848399/node_modules/@contactly-ui/icons/.yalc/@contactly-ui/system"
    "@contactly-ui/theme" "file:../../../../Library/Caches/Yarn/v6/npm-@contactly-ui-icons-1.0.0-20a93a8d-1761-42e9-be48-d178758c9e68-1621127848399/node_modules/@contactly-ui/icons/.yalc/@contactly-ui/theme"
    uuid "^8.3.2"

"@contactly-ui/system@file:.yalc/@contactly-ui/flex/.yalc/@contactly-ui/box/.yalc/@contactly-ui/system":
  version "1.0.0"

"@contactly-ui/system@file:.yalc/@contactly-ui/flex/.yalc/@contactly-ui/system":
  version "1.0.0"

"@contactly-ui/system@file:.yalc/@contactly-ui/icons/.yalc/@contactly-ui/system":
  version "1.0.0"

"@contactly-ui/system@file:.yalc/@contactly-ui/icons/.yalc/@contactly-ui/theme/.yalc/@contactly-ui/avatar/.yalc/@contactly-ui/box/.yalc/@contactly-ui/system":
  version "1.0.0"

"@contactly-ui/system@file:.yalc/@contactly-ui/icons/.yalc/@contactly-ui/theme/.yalc/@contactly-ui/avatar/.yalc/@contactly-ui/system":
  version "1.0.0"

"@contactly-ui/system@file:.yalc/@contactly-ui/icons/.yalc/@contactly-ui/theme/.yalc/@contactly-ui/avatar/.yalc/@contactly-ui/text/.yalc/@contactly-ui/flex/.yalc/@contactly-ui/box/.yalc/@contactly-ui/system":
  version "1.0.0"

"@contactly-ui/system@file:.yalc/@contactly-ui/icons/.yalc/@contactly-ui/theme/.yalc/@contactly-ui/avatar/.yalc/@contactly-ui/text/.yalc/@contactly-ui/flex/.yalc/@contactly-ui/system":
  version "1.0.0"

"@contactly-ui/system@file:.yalc/@contactly-ui/icons/.yalc/@contactly-ui/theme/.yalc/@contactly-ui/avatar/.yalc/@contactly-ui/text/.yalc/@contactly-ui/system":
  version "1.0.0"

"@contactly-ui/system@file:.yalc/@contactly-ui/icons/.yalc/@contactly-ui/theme/.yalc/@contactly-ui/box/.yalc/@contactly-ui/system":
  version "1.0.0"

"@contactly-ui/system@file:.yalc/@contactly-ui/icons/.yalc/@contactly-ui/theme/.yalc/@contactly-ui/button/.yalc/@contactly-ui/flex/.yalc/@contactly-ui/box/.yalc/@contactly-ui/system":
  version "1.0.0"

"@contactly-ui/system@file:.yalc/@contactly-ui/icons/.yalc/@contactly-ui/theme/.yalc/@contactly-ui/button/.yalc/@contactly-ui/flex/.yalc/@contactly-ui/system":
  version "1.0.0"

"@contactly-ui/system@file:.yalc/@contactly-ui/icons/.yalc/@contactly-ui/theme/.yalc/@contactly-ui/button/.yalc/@contactly-ui/system":
  version "1.0.0"

"@contactly-ui/system@file:.yalc/@contactly-ui/icons/.yalc/@contactly-ui/theme/.yalc/@contactly-ui/button/.yalc/@contactly-ui/text/.yalc/@contactly-ui/flex/.yalc/@contactly-ui/box/.yalc/@contactly-ui/system":
  version "1.0.0"

"@contactly-ui/system@file:.yalc/@contactly-ui/icons/.yalc/@contactly-ui/theme/.yalc/@contactly-ui/button/.yalc/@contactly-ui/text/.yalc/@contactly-ui/flex/.yalc/@contactly-ui/system":
  version "1.0.0"

"@contactly-ui/system@file:.yalc/@contactly-ui/icons/.yalc/@contactly-ui/theme/.yalc/@contactly-ui/button/.yalc/@contactly-ui/text/.yalc/@contactly-ui/system":
  version "1.0.0"

"@contactly-ui/system@file:.yalc/@contactly-ui/icons/.yalc/@contactly-ui/theme/.yalc/@contactly-ui/card/.yalc/@contactly-ui/system":
  version "1.0.0"

"@contactly-ui/system@file:.yalc/@contactly-ui/icons/.yalc/@contactly-ui/theme/.yalc/@contactly-ui/flex/.yalc/@contactly-ui/box/.yalc/@contactly-ui/system":
  version "1.0.0"

"@contactly-ui/system@file:.yalc/@contactly-ui/icons/.yalc/@contactly-ui/theme/.yalc/@contactly-ui/flex/.yalc/@contactly-ui/system":
  version "1.0.0"

"@contactly-ui/system@file:.yalc/@contactly-ui/icons/.yalc/@contactly-ui/theme/.yalc/@contactly-ui/icon/.yalc/@contactly-ui/box/.yalc/@contactly-ui/system":
  version "1.0.0"

"@contactly-ui/system@file:.yalc/@contactly-ui/icons/.yalc/@contactly-ui/theme/.yalc/@contactly-ui/icon/.yalc/@contactly-ui/system":
  version "1.0.0"

"@contactly-ui/system@file:.yalc/@contactly-ui/icons/.yalc/@contactly-ui/theme/.yalc/@contactly-ui/system":
  version "1.0.0"

"@contactly-ui/system@file:.yalc/@contactly-ui/icons/.yalc/@contactly-ui/theme/.yalc/@contactly-ui/text/.yalc/@contactly-ui/flex/.yalc/@contactly-ui/box/.yalc/@contactly-ui/system":
  version "1.0.0"

"@contactly-ui/system@file:.yalc/@contactly-ui/icons/.yalc/@contactly-ui/theme/.yalc/@contactly-ui/text/.yalc/@contactly-ui/flex/.yalc/@contactly-ui/system":
  version "1.0.0"

"@contactly-ui/system@file:.yalc/@contactly-ui/icons/.yalc/@contactly-ui/theme/.yalc/@contactly-ui/text/.yalc/@contactly-ui/system":
  version "1.0.0"

"@contactly-ui/system@file:.yalc/@contactly-ui/system":
  version "1.0.0"

"@contactly-ui/system@file:.yalc/@contactly-ui/text/.yalc/@contactly-ui/flex/.yalc/@contactly-ui/box/.yalc/@contactly-ui/system":
  version "1.0.0"

"@contactly-ui/system@file:.yalc/@contactly-ui/text/.yalc/@contactly-ui/flex/.yalc/@contactly-ui/system":
  version "1.0.0"

"@contactly-ui/system@file:.yalc/@contactly-ui/text/.yalc/@contactly-ui/system":
  version "1.0.0"

"@contactly-ui/text@file:.yalc/@contactly-ui/icons/.yalc/@contactly-ui/theme/.yalc/@contactly-ui/avatar/.yalc/@contactly-ui/text":
  version "1.0.0"
  dependencies:
    "@contactly-ui/flex" "file:../../../../Library/Caches/Yarn/v6/npm-@contactly-ui-text-1.0.0-e7db91f8-a748-4032-a3d1-13adee4b743a-1621127849111/node_modules/@contactly-ui/text/.yalc/@contactly-ui/flex"
    "@contactly-ui/system" "file:../../../../Library/Caches/Yarn/v6/npm-@contactly-ui-text-1.0.0-e7db91f8-a748-4032-a3d1-13adee4b743a-1621127849111/node_modules/@contactly-ui/text/.yalc/@contactly-ui/system"

"@contactly-ui/text@file:.yalc/@contactly-ui/icons/.yalc/@contactly-ui/theme/.yalc/@contactly-ui/button/.yalc/@contactly-ui/text":
  version "1.0.0"
  dependencies:
    "@contactly-ui/flex" "file:../../../../Library/Caches/Yarn/v6/npm-@contactly-ui-text-1.0.0-3b62a741-c37e-4b27-aee1-ba0a9dcdd93a-1621127849109/node_modules/@contactly-ui/text/.yalc/@contactly-ui/flex"
    "@contactly-ui/system" "file:../../../../Library/Caches/Yarn/v6/npm-@contactly-ui-text-1.0.0-3b62a741-c37e-4b27-aee1-ba0a9dcdd93a-1621127849109/node_modules/@contactly-ui/text/.yalc/@contactly-ui/system"

"@contactly-ui/text@file:.yalc/@contactly-ui/icons/.yalc/@contactly-ui/theme/.yalc/@contactly-ui/text":
  version "1.0.0"
  dependencies:
    "@contactly-ui/flex" "file:../../../../Library/Caches/Yarn/v6/npm-@contactly-ui-text-1.0.0-a97a9bb2-6799-4bd6-bdfe-e020ac9db280-1621127849099/node_modules/@contactly-ui/text/.yalc/@contactly-ui/flex"
    "@contactly-ui/system" "file:../../../../Library/Caches/Yarn/v6/npm-@contactly-ui-text-1.0.0-a97a9bb2-6799-4bd6-bdfe-e020ac9db280-1621127849099/node_modules/@contactly-ui/text/.yalc/@contactly-ui/system"

"@contactly-ui/text@file:.yalc/@contactly-ui/text":
  version "1.0.0"
  dependencies:
    "@contactly-ui/flex" "file:../../../../Library/Caches/Yarn/v6/npm-@contactly-ui-text-1.0.0-0f06b113-a804-467c-8240-b06c7aac960e-1621127848388/node_modules/@contactly-ui/text/.yalc/@contactly-ui/flex"
    "@contactly-ui/system" "file:../../../../Library/Caches/Yarn/v6/npm-@contactly-ui-text-1.0.0-0f06b113-a804-467c-8240-b06c7aac960e-1621127848388/node_modules/@contactly-ui/text/.yalc/@contactly-ui/system"

"@contactly-ui/theme@file:.yalc/@contactly-ui/icons/.yalc/@contactly-ui/theme":
  version "1.0.0"
  dependencies:
    "@contactly-ui/avatar" "file:../../../../Library/Caches/Yarn/v6/npm-@contactly-ui-theme-1.0.0-406c2113-5411-4ddb-b79d-c62312d5bb75-1621127849076/node_modules/@contactly-ui/theme/.yalc/@contactly-ui/avatar"
    "@contactly-ui/box" "file:../../../../Library/Caches/Yarn/v6/npm-@contactly-ui-theme-1.0.0-406c2113-5411-4ddb-b79d-c62312d5bb75-1621127849076/node_modules/@contactly-ui/theme/.yalc/@contactly-ui/box"
    "@contactly-ui/button" "file:../../../../Library/Caches/Yarn/v6/npm-@contactly-ui-theme-1.0.0-406c2113-5411-4ddb-b79d-c62312d5bb75-1621127849076/node_modules/@contactly-ui/theme/.yalc/@contactly-ui/button"
    "@contactly-ui/card" "file:../../../../Library/Caches/Yarn/v6/npm-@contactly-ui-theme-1.0.0-406c2113-5411-4ddb-b79d-c62312d5bb75-1621127849076/node_modules/@contactly-ui/theme/.yalc/@contactly-ui/card"
    "@contactly-ui/flex" "file:../../../../Library/Caches/Yarn/v6/npm-@contactly-ui-theme-1.0.0-406c2113-5411-4ddb-b79d-c62312d5bb75-1621127849076/node_modules/@contactly-ui/theme/.yalc/@contactly-ui/flex"
    "@contactly-ui/icon" "file:../../../../Library/Caches/Yarn/v6/npm-@contactly-ui-theme-1.0.0-406c2113-5411-4ddb-b79d-c62312d5bb75-1621127849076/node_modules/@contactly-ui/theme/.yalc/@contactly-ui/icon"
    "@contactly-ui/system" "file:../../../../Library/Caches/Yarn/v6/npm-@contactly-ui-theme-1.0.0-406c2113-5411-4ddb-b79d-c62312d5bb75-1621127849076/node_modules/@contactly-ui/theme/.yalc/@contactly-ui/system"
    "@contactly-ui/text" "file:../../../../Library/Caches/Yarn/v6/npm-@contactly-ui-theme-1.0.0-406c2113-5411-4ddb-b79d-c62312d5bb75-1621127849076/node_modules/@contactly-ui/theme/.yalc/@contactly-ui/text"
    lodash-es "^4.17.21"

lodash-es@^4.17.21:
  version "4.17.21"
  resolved "https://registry.yarnpkg.com/lodash-es/-/lodash-es-4.17.21.tgz#43e626c46e6591b7750beb2b50117390c609e3ee"
  integrity sha512-mKnC+QJ9pWVzv+C4/U3rRsHapFfHvQFoFB92e52xeyGMcX6/OlIl78je1u8vePzYZSkkogMPJ2yjxxsb89cxyw==

uuid@^8.3.2:
  version "8.3.2"
  resolved "https://registry.yarnpkg.com/uuid/-/uuid-8.3.2.tgz#80d5b5ced271bb9af6c445f21a1a04c606cefbe2"
  integrity sha512-+NYs2QeMWy+GWFOEm9xnn6HCDp0l7QBD7ml8zLUmJ+93Q5NF0NocErnwkTkXVFNiX3/fpC6afS8Dhb/gz7R7eg==
