{
  "version": "v1",
  "packages": {
    "@contactly-ui/system": {
      "signature": "290e64303a48d4fb3d28ef8af45cbe2a",
      "file": true
    },
    "@contactly-ui/flex": {
      "signature": "909dc98a612d9d57090a83d25c779340",
      "file": true
    },
    "@contactly-ui/text": {
      "signature": "7a555b9aacc00daeb60459c92db185f1",
      "file": true
    },
    "@contactly-ui/box": {
      "signature": "79288be3028dead9c04db6399ad21446",
      "file": true
    }
  }
}