# THIS IS AN AUTOGENERATED FILE. DO NOT EDIT THIS FILE DIRECTLY.
# yarn lockfile v1


"@contactly-ui/box@file:.yalc/@contactly-ui/box":
  version "1.0.0"
  dependencies:
    "@contactly-ui/system" "file:../../../../Library/Caches/Yarn/v6/npm-@contactly-ui-box-1.0.0-6bd73f90-e66f-4b14-9195-20512c4384cc-1622187507625/node_modules/@contactly-ui/box/.yalc/@contactly-ui/system"

"@contactly-ui/box@file:.yalc/@contactly-ui/flex/.yalc/@contactly-ui/box":
  version "1.0.0"
  dependencies:
    "@contactly-ui/system" "file:../../../../Library/Caches/Yarn/v6/npm-@contactly-ui-box-1.0.0-11fa3a9e-7470-401a-a1ff-29709d89a4b5-1622187507632/node_modules/@contactly-ui/box/.yalc/@contactly-ui/system"

"@contactly-ui/box@file:.yalc/@contactly-ui/text/.yalc/@contactly-ui/flex/.yalc/@contactly-ui/box":
  version "1.0.0"
  dependencies:
    "@contactly-ui/system" "file:../../../../Library/Caches/Yarn/v6/npm-@contactly-ui-box-1.0.0-55acba09-5dfe-436d-b437-fe179ce8cd9d-1622187507645/node_modules/@contactly-ui/box/.yalc/@contactly-ui/system"

"@contactly-ui/flex@file:.yalc/@contactly-ui/flex":
  version "1.0.0"
  dependencies:
    "@contactly-ui/box" "file:../../../../Library/Caches/Yarn/v6/npm-@contactly-ui-flex-1.0.0-7e372f13-fbb4-4c84-8ac5-6515bbaf2e2e-1622187507630/node_modules/@contactly-ui/flex/.yalc/@contactly-ui/box"
    "@contactly-ui/system" "file:../../../../Library/Caches/Yarn/v6/npm-@contactly-ui-flex-1.0.0-7e372f13-fbb4-4c84-8ac5-6515bbaf2e2e-1622187507630/node_modules/@contactly-ui/flex/.yalc/@contactly-ui/system"

"@contactly-ui/flex@file:.yalc/@contactly-ui/text/.yalc/@contactly-ui/flex":
  version "1.0.0"
  dependencies:
    "@contactly-ui/box" "file:../../../../Library/Caches/Yarn/v6/npm-@contactly-ui-flex-1.0.0-a52e5db2-7785-4d27-99b0-7941da35d542-1622187507641/node_modules/@contactly-ui/flex/.yalc/@contactly-ui/box"
    "@contactly-ui/system" "file:../../../../Library/Caches/Yarn/v6/npm-@contactly-ui-flex-1.0.0-a52e5db2-7785-4d27-99b0-7941da35d542-1622187507641/node_modules/@contactly-ui/flex/.yalc/@contactly-ui/system"

"@contactly-ui/system@file:.yalc/@contactly-ui/box/.yalc/@contactly-ui/system":
  version "1.0.0"

"@contactly-ui/system@file:.yalc/@contactly-ui/flex/.yalc/@contactly-ui/box/.yalc/@contactly-ui/system":
  version "1.0.0"

"@contactly-ui/system@file:.yalc/@contactly-ui/flex/.yalc/@contactly-ui/system":
  version "1.0.0"

"@contactly-ui/system@file:.yalc/@contactly-ui/system":
  version "1.0.0"

"@contactly-ui/system@file:.yalc/@contactly-ui/text/.yalc/@contactly-ui/flex/.yalc/@contactly-ui/box/.yalc/@contactly-ui/system":
  version "1.0.0"

"@contactly-ui/system@file:.yalc/@contactly-ui/text/.yalc/@contactly-ui/flex/.yalc/@contactly-ui/system":
  version "1.0.0"

"@contactly-ui/system@file:.yalc/@contactly-ui/text/.yalc/@contactly-ui/system":
  version "1.0.0"

"@contactly-ui/text@file:.yalc/@contactly-ui/text":
  version "1.0.0"
  dependencies:
    "@contactly-ui/flex" "file:../../../../Library/Caches/Yarn/v6/npm-@contactly-ui-text-1.0.0-c5fd37be-63da-4a6d-8040-514d6f70b4ef-1622187507639/node_modules/@contactly-ui/text/.yalc/@contactly-ui/flex"
    "@contactly-ui/system" "file:../../../../Library/Caches/Yarn/v6/npm-@contactly-ui-text-1.0.0-c5fd37be-63da-4a6d-8040-514d6f70b4ef-1622187507639/node_modules/@contactly-ui/text/.yalc/@contactly-ui/system"
