# THIS IS AN AUTOGENERATED FILE. DO NOT EDIT THIS FILE DIRECTLY.
# yarn lockfile v1


"@contactly-ui/box@file:.yalc/@contactly-ui/box":
  version "1.0.0"
  dependencies:
    "@contactly-ui/system" "file:../../../../Library/Caches/Yarn/v6/npm-@contactly-ui-box-1.0.0-cbb6d4b4-7e84-4a3b-b0fe-001fafcdb8a2-1622090849709/node_modules/@contactly-ui/box/.yalc/@contactly-ui/system"

"@contactly-ui/box@file:.yalc/@contactly-ui/flex/.yalc/@contactly-ui/box":
  version "1.0.0"
  dependencies:
    "@contactly-ui/system" "file:../../../../Library/Caches/Yarn/v6/npm-@contactly-ui-box-1.0.0-a4053d3a-91a3-4f18-b0cf-454916be584f-1622090849715/node_modules/@contactly-ui/box/.yalc/@contactly-ui/system"

"@contactly-ui/box@file:.yalc/@contactly-ui/text/.yalc/@contactly-ui/flex/.yalc/@contactly-ui/box":
  version "1.0.0"
  dependencies:
    "@contactly-ui/system" "file:../../../../Library/Caches/Yarn/v6/npm-@contactly-ui-box-1.0.0-c1456076-2607-49d8-8ab5-b9c245d5dcdc-1622090849724/node_modules/@contactly-ui/box/.yalc/@contactly-ui/system"

"@contactly-ui/flex@file:.yalc/@contactly-ui/flex":
  version "1.0.0"
  dependencies:
    "@contactly-ui/box" "file:../../../../Library/Caches/Yarn/v6/npm-@contactly-ui-flex-1.0.0-38aca034-82c9-406b-9786-a9020dacbfad-1622090849713/node_modules/@contactly-ui/flex/.yalc/@contactly-ui/box"
    "@contactly-ui/system" "file:../../../../Library/Caches/Yarn/v6/npm-@contactly-ui-flex-1.0.0-38aca034-82c9-406b-9786-a9020dacbfad-1622090849713/node_modules/@contactly-ui/flex/.yalc/@contactly-ui/system"

"@contactly-ui/flex@file:.yalc/@contactly-ui/text/.yalc/@contactly-ui/flex":
  version "1.0.0"
  dependencies:
    "@contactly-ui/box" "file:../../../../Library/Caches/Yarn/v6/npm-@contactly-ui-flex-1.0.0-a78565fb-4329-4e21-ace7-f2b93bd46eed-1622090849721/node_modules/@contactly-ui/flex/.yalc/@contactly-ui/box"
    "@contactly-ui/system" "file:../../../../Library/Caches/Yarn/v6/npm-@contactly-ui-flex-1.0.0-a78565fb-4329-4e21-ace7-f2b93bd46eed-1622090849721/node_modules/@contactly-ui/flex/.yalc/@contactly-ui/system"

"@contactly-ui/system@file:.yalc/@contactly-ui/box/.yalc/@contactly-ui/system":
  version "1.0.0"

"@contactly-ui/system@file:.yalc/@contactly-ui/flex/.yalc/@contactly-ui/box/.yalc/@contactly-ui/system":
  version "1.0.0"

"@contactly-ui/system@file:.yalc/@contactly-ui/flex/.yalc/@contactly-ui/system":
  version "1.0.0"

"@contactly-ui/system@file:.yalc/@contactly-ui/system":
  version "1.0.0"

"@contactly-ui/system@file:.yalc/@contactly-ui/text/.yalc/@contactly-ui/flex/.yalc/@contactly-ui/box/.yalc/@contactly-ui/system":
  version "1.0.0"

"@contactly-ui/system@file:.yalc/@contactly-ui/text/.yalc/@contactly-ui/flex/.yalc/@contactly-ui/system":
  version "1.0.0"

"@contactly-ui/system@file:.yalc/@contactly-ui/text/.yalc/@contactly-ui/system":
  version "1.0.0"

"@contactly-ui/text@file:.yalc/@contactly-ui/text":
  version "1.0.0"
  dependencies:
    "@contactly-ui/flex" "file:../../../../Library/Caches/Yarn/v6/npm-@contactly-ui-text-1.0.0-ee545286-f31b-4bc7-8fcd-0e84b5632831-1622090849720/node_modules/@contactly-ui/text/.yalc/@contactly-ui/flex"
    "@contactly-ui/system" "file:../../../../Library/Caches/Yarn/v6/npm-@contactly-ui-text-1.0.0-ee545286-f31b-4bc7-8fcd-0e84b5632831-1622090849720/node_modules/@contactly-ui/text/.yalc/@contactly-ui/system"
