{
  "version": "v1",
  "packages": {
    "@contactly-ui/box": {
      "signature": "b98e41c18c4780a3b6ee17c6fd813eba",
      "file": true,
      "replaced": "^1.0.0"
    },
    "@contactly-ui/flex": {
      "signature": "4808d01f2805486891aeeaa15836f040",
      "file": true,
      "replaced": "^1.0.0"
    },
    "@contactly-ui/text": {
      "signature": "9600bdbf705619af2a7bc5d17e2589f8",
      "file": true,
      "replaced": "^1.0.0"
    },
    "@contactly-ui/theme": {
      "signature": "d9937d8a3706f7e0f1d03901d9db9131",
      "file": true
    },
    "@contactly-ui/system": {
      "signature": "b7abe289b8c3e74f78eb570e4adb0578",
      "file": true
    }
  }
}