{
  "version": "v1",
  "packages": {
    "@contactly-ui/box": {
      "signature": "cc4098a28424054ef319ebb4e8af82e1",
      "file": true,
      "replaced": "^1.0.0"
    },
    "@contactly-ui/flex": {
      "signature": "34b43d3d9225560f259dc9e71ddce830",
      "file": true,
      "replaced": "^1.0.0"
    },
    "@contactly-ui/text": {
      "signature": "3ccc1a8c4daa6d8cc1d15e7b65d0efdf",
      "file": true,
      "replaced": "^1.0.0"
    },
    "@contactly-ui/theme": {
      "signature": "32e56d08da426ff5e930f23f4a37f5b5",
      "file": true
    },
    "@contactly-ui/system": {
      "signature": "908f3cd2ff92875c65dd6790cc15c4d3",
      "file": true
    }
  }
}