{
  "version": "v1",
  "packages": {
    "@contactly-ui/box": {
      "signature": "c73d88220d95922c92fcfe8b693c8f50",
      "file": true,
      "replaced": "^1.0.0"
    },
    "@contactly-ui/flex": {
      "signature": "5adb8b623d4bcaf4a670c02c08bfc008",
      "file": true,
      "replaced": "^1.0.0"
    },
    "@contactly-ui/text": {
      "signature": "84171766952c6af634cd05b5cbd7e779",
      "file": true,
      "replaced": "^1.0.0"
    },
    "@contactly-ui/theme": {
      "signature": "46d21ba01bc6ef848be51d357fa6bc76",
      "file": true
    },
    "@contactly-ui/system": {
      "signature": "237aa54c3cf5185c53af40417be9e23c",
      "file": true
    }
  }
}