# THIS IS AN AUTOGENERATED FILE. DO NOT EDIT THIS FILE DIRECTLY.
# yarn lockfile v1


"@contactly-ui/box@file:.yalc/@contactly-ui/box":
  version "1.0.0"
  dependencies:
    "@contactly-ui/system" "file:../../../../Library/Caches/Yarn/v6/npm-@contactly-ui-box-1.0.0-5d6fb120-9311-4376-bd08-0a3f4c73ca59-1622441605797/node_modules/@contactly-ui/box/.yalc/@contactly-ui/system"

"@contactly-ui/box@file:.yalc/@contactly-ui/flex/.yalc/@contactly-ui/box":
  version "1.0.0"
  dependencies:
    "@contactly-ui/system" "file:../../../../Library/Caches/Yarn/v6/npm-@contactly-ui-box-1.0.0-58f92644-68fd-4289-9f30-029c57086913-1622441605802/node_modules/@contactly-ui/box/.yalc/@contactly-ui/system"

"@contactly-ui/box@file:.yalc/@contactly-ui/text/.yalc/@contactly-ui/flex/.yalc/@contactly-ui/box":
  version "1.0.0"
  dependencies:
    "@contactly-ui/system" "file:../../../../Library/Caches/Yarn/v6/npm-@contactly-ui-box-1.0.0-bf1c7f18-3db2-4680-883b-75cc052a618b-1622441605811/node_modules/@contactly-ui/box/.yalc/@contactly-ui/system"

"@contactly-ui/flex@file:.yalc/@contactly-ui/flex":
  version "1.0.0"
  dependencies:
    "@contactly-ui/box" "file:../../../../Library/Caches/Yarn/v6/npm-@contactly-ui-flex-1.0.0-6766b4d1-f44b-447e-a31c-785c16c58f64-1622441605800/node_modules/@contactly-ui/flex/.yalc/@contactly-ui/box"
    "@contactly-ui/system" "file:../../../../Library/Caches/Yarn/v6/npm-@contactly-ui-flex-1.0.0-6766b4d1-f44b-447e-a31c-785c16c58f64-1622441605800/node_modules/@contactly-ui/flex/.yalc/@contactly-ui/system"

"@contactly-ui/flex@file:.yalc/@contactly-ui/text/.yalc/@contactly-ui/flex":
  version "1.0.0"
  dependencies:
    "@contactly-ui/box" "file:../../../../Library/Caches/Yarn/v6/npm-@contactly-ui-flex-1.0.0-5d59f585-06bb-4a42-81c5-43c89adc920f-1622441605808/node_modules/@contactly-ui/flex/.yalc/@contactly-ui/box"
    "@contactly-ui/system" "file:../../../../Library/Caches/Yarn/v6/npm-@contactly-ui-flex-1.0.0-5d59f585-06bb-4a42-81c5-43c89adc920f-1622441605808/node_modules/@contactly-ui/flex/.yalc/@contactly-ui/system"

"@contactly-ui/system@file:.yalc/@contactly-ui/box/.yalc/@contactly-ui/system":
  version "1.0.0"

"@contactly-ui/system@file:.yalc/@contactly-ui/flex/.yalc/@contactly-ui/box/.yalc/@contactly-ui/system":
  version "1.0.0"

"@contactly-ui/system@file:.yalc/@contactly-ui/flex/.yalc/@contactly-ui/system":
  version "1.0.0"

"@contactly-ui/system@file:.yalc/@contactly-ui/system":
  version "1.0.0"

"@contactly-ui/system@file:.yalc/@contactly-ui/text/.yalc/@contactly-ui/flex/.yalc/@contactly-ui/box/.yalc/@contactly-ui/system":
  version "1.0.0"

"@contactly-ui/system@file:.yalc/@contactly-ui/text/.yalc/@contactly-ui/flex/.yalc/@contactly-ui/system":
  version "1.0.0"

"@contactly-ui/system@file:.yalc/@contactly-ui/text/.yalc/@contactly-ui/system":
  version "1.0.0"

"@contactly-ui/text@file:.yalc/@contactly-ui/text":
  version "1.0.0"
  dependencies:
    "@contactly-ui/flex" "file:../../../../Library/Caches/Yarn/v6/npm-@contactly-ui-text-1.0.0-e3803fbf-31db-40dc-8e9e-b0424e27488f-1622441605806/node_modules/@contactly-ui/text/.yalc/@contactly-ui/flex"
    "@contactly-ui/system" "file:../../../../Library/Caches/Yarn/v6/npm-@contactly-ui-text-1.0.0-e3803fbf-31db-40dc-8e9e-b0424e27488f-1622441605806/node_modules/@contactly-ui/text/.yalc/@contactly-ui/system"
