{
  "version": "v1",
  "packages": {
    "@contactly-ui/system": {
      "signature": "801fd69363dbb976a53d8f38214484ba",
      "file": true
    },
    "@contactly-ui/box": {
      "signature": "2ecd62d21e02e6c6cd1d653c8a55987a",
      "file": true
    },
    "@contactly-ui/text": {
      "signature": "c8f41f3530fef2192b75e15e6b1464e7",
      "file": true
    }
  }
}