{
  "version": "v1",
  "packages": {
    "@contactly-ui/system": {
      "signature": "290e64303a48d4fb3d28ef8af45cbe2a",
      "file": true
    },
    "@contactly-ui/box": {
      "signature": "79288be3028dead9c04db6399ad21446",
      "file": true
    },
    "@contactly-ui/text": {
      "signature": "8e743c59b120b80b036814f55a1301b8",
      "file": true
    }
  }
}