{
  "version": "v1",
  "packages": {
    "@contactly-ui/system": {
      "signature": "9f919e12e39c2709fbe1917f6f414360",
      "file": true
    },
    "@contactly-ui/box": {
      "signature": "205e60b819fb40f45e18a383c90b70ca",
      "file": true
    },
    "@contactly-ui/text": {
      "signature": "824e35891cd3a6ada9a78aafa88f81c1",
      "file": true
    }
  }
}