# THIS IS AN AUTOGENERATED FILE. DO NOT EDIT THIS FILE DIRECTLY.
# yarn lockfile v1


"@contactly-ui/box@file:.yalc/@contactly-ui/box":
  version "1.0.0"
  dependencies:
    "@contactly-ui/system" "file:../../../../Library/Caches/Yarn/v6/npm-@contactly-ui-box-1.0.0-fa60f2e8-ff90-466e-9061-73ff4da345af-1622090773629/node_modules/@contactly-ui/box/.yalc/@contactly-ui/system"

"@contactly-ui/box@file:.yalc/@contactly-ui/text/.yalc/@contactly-ui/flex/.yalc/@contactly-ui/box":
  version "1.0.0"
  dependencies:
    "@contactly-ui/system" "file:../../../../Library/Caches/Yarn/v6/npm-@contactly-ui-box-1.0.0-3255d504-54a2-4f98-b7ce-39b09eb9ab84-1622090773642/node_modules/@contactly-ui/box/.yalc/@contactly-ui/system"

"@contactly-ui/flex@file:.yalc/@contactly-ui/text/.yalc/@contactly-ui/flex":
  version "1.0.0"
  dependencies:
    "@contactly-ui/box" "file:../../../../Library/Caches/Yarn/v6/npm-@contactly-ui-flex-1.0.0-a5c9c1f4-52c9-4c8a-b87f-9408c57431ec-1622090773639/node_modules/@contactly-ui/flex/.yalc/@contactly-ui/box"
    "@contactly-ui/system" "file:../../../../Library/Caches/Yarn/v6/npm-@contactly-ui-flex-1.0.0-a5c9c1f4-52c9-4c8a-b87f-9408c57431ec-1622090773639/node_modules/@contactly-ui/flex/.yalc/@contactly-ui/system"

"@contactly-ui/system@file:.yalc/@contactly-ui/box/.yalc/@contactly-ui/system":
  version "1.0.0"

"@contactly-ui/system@file:.yalc/@contactly-ui/system":
  version "1.0.0"

"@contactly-ui/system@file:.yalc/@contactly-ui/text/.yalc/@contactly-ui/flex/.yalc/@contactly-ui/box/.yalc/@contactly-ui/system":
  version "1.0.0"

"@contactly-ui/system@file:.yalc/@contactly-ui/text/.yalc/@contactly-ui/flex/.yalc/@contactly-ui/system":
  version "1.0.0"

"@contactly-ui/system@file:.yalc/@contactly-ui/text/.yalc/@contactly-ui/system":
  version "1.0.0"

"@contactly-ui/text@file:.yalc/@contactly-ui/text":
  version "1.0.0"
  dependencies:
    "@contactly-ui/flex" "file:../../../../Library/Caches/Yarn/v6/npm-@contactly-ui-text-1.0.0-34bb01c2-d04a-4c9d-8a91-d6f5242f2ab0-1622090773636/node_modules/@contactly-ui/text/.yalc/@contactly-ui/flex"
    "@contactly-ui/system" "file:../../../../Library/Caches/Yarn/v6/npm-@contactly-ui-text-1.0.0-34bb01c2-d04a-4c9d-8a91-d6f5242f2ab0-1622090773636/node_modules/@contactly-ui/text/.yalc/@contactly-ui/system"
