{
  "version": "v1",
  "packages": {
    "@contactly-ui/system": {
      "signature": "290e64303a48d4fb3d28ef8af45cbe2a",
      "file": true,
      "replaced": "^1.0.0"
    },
    "@contactly-ui/flex": {
      "signature": "909dc98a612d9d57090a83d25c779340",
      "file": true,
      "replaced": "^1.0.0"
    }
  }
}