{
  "version": "v1",
  "packages": {
    "@contactly-ui/system": {
      "signature": "237aa54c3cf5185c53af40417be9e23c",
      "file": true,
      "replaced": "^1.0.0"
    },
    "@contactly-ui/flex": {
      "signature": "5adb8b623d4bcaf4a670c02c08bfc008",
      "file": true,
      "replaced": "^1.0.0"
    }
  }
}