{
  "version": "v1",
  "packages": {
    "@contactly-ui/system": {
      "signature": "b417947c7147a2ca3ad7253c986ba02b",
      "file": true,
      "replaced": "^1.0.0"
    },
    "@contactly-ui/flex": {
      "signature": "5adb8b623d4bcaf4a670c02c08bfc008",
      "file": true,
      "replaced": "^1.0.0"
    }
  }
}