{
  "version": "v1",
  "packages": {
    "@contactly-ui/flex": {
      "signature": "0b42056b50dd1783a57c491b7386b690",
      "file": true
    },
    "@contactly-ui/icons": {
      "signature": "f9523a053706bead8606e72582b90aea",
      "file": true
    },
    "@contactly-ui/system": {
      "signature": "b417947c7147a2ca3ad7253c986ba02b",
      "file": true
    },
    "@contactly-ui/text": {
      "signature": "8adeb3961cde29cb7b8d54ff5cb9a9c9",
      "file": true
    }
  }
}