{
  "version": "v1",
  "packages": {
    "@contactly-ui/flex": {
      "signature": "4808d01f2805486891aeeaa15836f040",
      "file": true
    },
    "@contactly-ui/icons": {
      "signature": "82853a40eff8b393c5654a5489ea4fab",
      "file": true
    },
    "@contactly-ui/system": {
      "signature": "b7abe289b8c3e74f78eb570e4adb0578",
      "file": true
    },
    "@contactly-ui/text": {
      "signature": "9600bdbf705619af2a7bc5d17e2589f8",
      "file": true
    }
  }
}