{
  "version": "v1",
  "packages": {
    "@contactly-ui/system": {
      "signature": "b417947c7147a2ca3ad7253c986ba02b",
      "file": true,
      "replaced": "^1.0.0"
    },
    "@contactly-ui/box": {
      "signature": "2e5c951548f9af6b1a28f3cc57834123",
      "file": true,
      "replaced": "^1.0.0"
    }
  }
}