{
  "version": "v1",
  "packages": {
    "@contactly-ui/system": {
      "signature": "908f3cd2ff92875c65dd6790cc15c4d3",
      "file": true,
      "replaced": "^1.0.0"
    },
    "@contactly-ui/box": {
      "signature": "cc4098a28424054ef319ebb4e8af82e1",
      "file": true,
      "replaced": "^1.0.0"
    }
  }
}