{
  "version": "v1",
  "packages": {
    "@contactly-ui/system": {
      "signature": "0ee6e725025029fff2e6b273ca9fcbda",
      "file": true,
      "replaced": "^1.0.0"
    },
    "@contactly-ui/box": {
      "signature": "bdcfd4efff9c56900f9f6fea8bed1698",
      "file": true,
      "replaced": "^1.0.0"
    }
  }
}